
Microsoft Visual Studio Solution File, Format Version 12.00
# Visual Studio 15
VisualStudioVersion = 15.0.28010.2046
MinimumVisualStudioVersion = 10.0.40219.1
Project("{FAE04EC0-301F-11D3-BF4B-00C04F79EFBC}") = "BlackJack", "BlackJack\BlackJack.csproj", "{61B6F8BF-1783-4521-BB43-4BC92A9377E1}"
EndProject
Global
	GlobalSection(SolutionConfigurationPlatforms) = preSolution
		Debug|Any CPU = Debug|Any CPU
		Release|Any CPU = Release|Any CPU
	EndGlobalSection
	GlobalSection(ProjectConfigurationPlatforms) = postSolution
		{61B6F8BF-1783-4521-BB43-4BC92A9377E1}.Debug|Any CPU.ActiveCfg = Debug|Any CPU
		{61B6F8BF-1783-4521-BB43-4BC92A9377E1}.Debug|Any CPU.Build.0 = Debug|Any CPU
		{61B6F8BF-1783-4521-BB43-4BC92A9377E1}.Release|Any CPU.ActiveCfg = Release|Any CPU
		{61B6F8BF-1783-4521-BB43-4BC92A9377E1}.Release|Any CPU.Build.0 = Release|Any CPU
	EndGlobalSection
	GlobalSection(SolutionProperties) = preSolution
		HideSolutionNode = FALSE
	EndGlobalSection
	GlobalSection(ExtensibilityGlobals) = postSolution
		SolutionGuid = {4E890799-A65C-4752-8B40-54C5BFDE1CDD}
	EndGlobalSection
EndGlobal
